
Microsoft Visual Studio Solution File, Format Version 12.00
# Visual Studio 15
VisualStudioVersion = 15.0.26430.16
MinimumVisualStudioVersion = 10.0.40219.1
Project("{FAE04EC0-301F-11D3-BF4B-00C04F79EFBC}") = "Bouyei.NetProviderFactory", "..\Bouyei.NetProviderFactory\Bouyei.NetProviderFactory\Bouyei.NetProviderFactory.csproj", "{C18B735D-C352-4F36-B69A-11B0C70C909A}"
EndProject
Project("{FAE04EC0-301F-11D3-BF4B-00C04F79EFBC}") = "Bouyei.NetProviderFactoryDemo", "..\Bouyei.NetProviderFactory\Bouyei.NetProviderFactoryDemo\Bouyei.NetProviderFactoryDemo.csproj", "{4B151756-0187-410A-936E-E86E8D788588}"
EndProject
Global
	GlobalSection(SolutionConfigurationPlatforms) = preSolution
		Debug|Any CPU = Debug|Any CPU
		Release|Any CPU = Release|Any CPU
	EndGlobalSection
	GlobalSection(ProjectConfigurationPlatforms) = postSolution
		{C18B735D-C352-4F36-B69A-11B0C70C909A}.Debug|Any CPU.ActiveCfg = Debug|Any CPU
		{C18B735D-C352-4F36-B69A-11B0C70C909A}.Debug|Any CPU.Build.0 = Debug|Any CPU
		{C18B735D-C352-4F36-B69A-11B0C70C909A}.Release|Any CPU.ActiveCfg = Release|Any CPU
		{C18B735D-C352-4F36-B69A-11B0C70C909A}.Release|Any CPU.Build.0 = Release|Any CPU
		{4B151756-0187-410A-936E-E86E8D788588}.Debug|Any CPU.ActiveCfg = Debug|Any CPU
		{4B151756-0187-410A-936E-E86E8D788588}.Debug|Any CPU.Build.0 = Debug|Any CPU
		{4B151756-0187-410A-936E-E86E8D788588}.Release|Any CPU.ActiveCfg = Release|Any CPU
		{4B151756-0187-410A-936E-E86E8D788588}.Release|Any CPU.Build.0 = Release|Any CPU
	EndGlobalSection
	GlobalSection(SolutionProperties) = preSolution
		HideSolutionNode = FALSE
	EndGlobalSection
EndGlobal
